
Microsoft Visual Studio Solution File, Format Version 12.00
# Visual Studio 15
VisualStudioVersion = 15.0.27428.2011
MinimumVisualStudioVersion = 10.0.40219.1
Project("{FAE04EC0-301F-11D3-BF4B-00C04F79EFBC}") = "BankApp", "BankApp\BankApp.csproj", "{F08CAFF8-229E-499C-B655-D8710C0299EB}"
EndProject
Global
	GlobalSection(SolutionConfigurationPlatforms) = preSolution
		Debug|Any CPU = Debug|Any CPU
		Release|Any CPU = Release|Any CPU
	EndGlobalSection
	GlobalSection(ProjectConfigurationPlatforms) = postSolution
		{F08CAFF8-229E-499C-B655-D8710C0299EB}.Debug|Any CPU.ActiveCfg = Debug|Any CPU
		{F08CAFF8-229E-499C-B655-D8710C0299EB}.Debug|Any CPU.Build.0 = Debug|Any CPU
		{F08CAFF8-229E-499C-B655-D8710C0299EB}.Release|Any CPU.ActiveCfg = Release|Any CPU
		{F08CAFF8-229E-499C-B655-D8710C0299EB}.Release|Any CPU.Build.0 = Release|Any CPU
	EndGlobalSection
	GlobalSection(SolutionProperties) = preSolution
		HideSolutionNode = FALSE
	EndGlobalSection
	GlobalSection(ExtensibilityGlobals) = postSolution
		SolutionGuid = {DD9329B7-3D4F-4AF1-B822-7ECADF62B0EF}
	EndGlobalSection
EndGlobal
